// !$*UTF8*$!
{
	archiveVersion = 1;
	classes = {
	};
	objectVersion = 48;
	objects = {

/* Begin PBXBuildFile section */
		10E0F58323741BD10C50538B /* Pods_Pomodoro.framework in Frameworks */ = {isa = PBXBuildFile; fileRef = 5A45DEBE511DEEFC805F0C25 /* Pods_Pomodoro.framework */; };
		33351E1320727C5700261D60 /* AppDelegate.m in Sources */ = {isa = PBXBuildFile; fileRef = 33351E1220727C5700261D60 /* AppDelegate.m */; };
		33351E1620727C5700261D60 /* ViewController.m in Sources */ = {isa = PBXBuildFile; fileRef = 33351E1520727C5700261D60 /* ViewController.m */; };
		33351E1920727C5700261D60 /* Main.storyboard in Resources */ = {isa = PBXBuildFile; fileRef = 33351E1720727C5700261D60 /* Main.storyboard */; };
		33351E1B20727C5700261D60 /* Assets.xcassets in Resources */ = {isa = PBXBuildFile; fileRef = 33351E1A20727C5700261D60 /* Assets.xcassets */; };
		33351E1E20727C5700261D60 /* LaunchScreen.storyboard in Resources */ = {isa = PBXBuildFile; fileRef = 33351E1C20727C5700261D60 /* LaunchScreen.storyboard */; };
		33351E2120727C5700261D60 /* main.m in Sources */ = {isa = PBXBuildFile; fileRef = 33351E2020727C5700261D60 /* main.m */; };
		33351E2920792B0E00261D60 /* TimeStartViewController.m in Sources */ = {isa = PBXBuildFile; fileRef = 33351E2820792B0E00261D60 /* TimeStartViewController.m */; };
		33351E2B20792F4500261D60 /* TimeStartViewController.xib in Resources */ = {isa = PBXBuildFile; fileRef = 33351E2A20792F4500261D60 /* TimeStartViewController.xib */; };
		33351E2F2079398600261D60 /* TimeViewController.m in Sources */ = {isa = PBXBuildFile; fileRef = 33351E2D2079398600261D60 /* TimeViewController.m */; };
		33351E302079398600261D60 /* TimeViewController.xib in Resources */ = {isa = PBXBuildFile; fileRef = 33351E2E2079398600261D60 /* TimeViewController.xib */; };
		33351E5C207FE2F200261D60 /* HelpViewController.m in Sources */ = {isa = PBXBuildFile; fileRef = 33351E5A207FE2F200261D60 /* HelpViewController.m */; };
		33351E5D207FE2F200261D60 /* HelpViewController.xib in Resources */ = {isa = PBXBuildFile; fileRef = 33351E5B207FE2F200261D60 /* HelpViewController.xib */; };
		334418AE20810B910049EB13 /* TomatoClock.m in Sources */ = {isa = PBXBuildFile; fileRef = 334418AD20810B910049EB13 /* TomatoClock.m */; };
		334418B2208111A70049EB13 /* MyRecordViewController.m in Sources */ = {isa = PBXBuildFile; fileRef = 334418B0208111A70049EB13 /* MyRecordViewController.m */; };
		334418B3208111A70049EB13 /* MyRecordViewController.xib in Resources */ = {isa = PBXBuildFile; fileRef = 334418B1208111A70049EB13 /* MyRecordViewController.xib */; };
/* End PBXBuildFile section */

/* Begin PBXFileReference section */
		0F419F92E447D08F1D58D780 /* Pods-Pomodoro.debug.xcconfig */ = {isa = PBXFileReference; includeInIndex = 1; lastKnownFileType = text.xcconfig; name = "Pods-Pomodoro.debug.xcconfig"; path = "Pods/Target Support Files/Pods-Pomodoro/Pods-Pomodoro.debug.xcconfig"; sourceTree = "<group>"; };
		33351E0E20727C5700261D60 /* Pomodoro.app */ = {isa = PBXFileReference; explicitFileType = wrapper.application; includeInIndex = 0; path = Pomodoro.app; sourceTree = BUILT_PRODUCTS_DIR; };
		33351E1120727C5700261D60 /* AppDelegate.h */ = {isa = PBXFileReference; lastKnownFileType = sourcecode.c.h; path = AppDelegate.h; sourceTree = "<group>"; };
		33351E1220727C5700261D60 /* AppDelegate.m */ = {isa = PBXFileReference; lastKnownFileType = sourcecode.c.objc; path = AppDelegate.m; sourceTree = "<group>"; };
		33351E1420727C5700261D60 /* ViewController.h */ = {isa = PBXFileReference; lastKnownFileType = sourcecode.c.h; path = ViewController.h; sourceTree = "<group>"; };
		33351E1520727C5700261D60 /* ViewController.m */ = {isa = PBXFileReference; lastKnownFileType = sourcecode.c.objc; path = ViewController.m; sourceTree = "<group>"; };
		33351E1820727C5700261D60 /* Base */ = {isa = PBXFileReference; lastKnownFileType = file.storyboard; name = Base; path = Base.lproj/Main.storyboard; sourceTree = "<group>"; };
		33351E1A20727C5700261D60 /* Assets.xcassets */ = {isa = PBXFileReference; lastKnownFileType = folder.assetcatalog; path = Assets.xcassets; sourceTree = "<group>"; };
		33351E1D20727C5700261D60 /* Base */ = {isa = PBXFileReference; lastKnownFileType = file.storyboard; name = Base; path = Base.lproj/LaunchScreen.storyboard; sourceTree = "<group>"; };
		33351E1F20727C5700261D60 /* Info.plist */ = {isa = PBXFileReference; lastKnownFileType = text.plist.xml; path = Info.plist; sourceTree = "<group>"; };
		33351E2020727C5700261D60 /* main.m */ = {isa = PBXFileReference; lastKnownFileType = sourcecode.c.objc; path = main.m; sourceTree = "<group>"; };
		33351E2720792B0E00261D60 /* TimeStartViewController.h */ = {isa = PBXFileReference; lastKnownFileType = sourcecode.c.h; path = TimeStartViewController.h; sourceTree = "<group>"; };
		33351E2820792B0E00261D60 /* TimeStartViewController.m */ = {isa = PBXFileReference; lastKnownFileType = sourcecode.c.objc; path = TimeStartViewController.m; sourceTree = "<group>"; };
		33351E2A20792F4500261D60 /* TimeStartViewController.xib */ = {isa = PBXFileReference; lastKnownFileType = file.xib; path = TimeStartViewController.xib; sourceTree = "<group>"; };
		33351E2C2079398600261D60 /* TimeViewController.h */ = {isa = PBXFileReference; lastKnownFileType = sourcecode.c.h; path = TimeViewController.h; sourceTree = "<group>"; };
		33351E2D2079398600261D60 /* TimeViewController.m */ = {isa = PBXFileReference; lastKnownFileType = sourcecode.c.objc; path = TimeViewController.m; sourceTree = "<group>"; };
		33351E2E2079398600261D60 /* TimeViewController.xib */ = {isa = PBXFileReference; lastKnownFileType = file.xib; path = TimeViewController.xib; sourceTree = "<group>"; };
		33351E53207D4BA000261D60 /* constant.h */ = {isa = PBXFileReference; lastKnownFileType = sourcecode.c.h; path = constant.h; sourceTree = "<group>"; };
		33351E59207FE2F200261D60 /* HelpViewController.h */ = {isa = PBXFileReference; lastKnownFileType = sourcecode.c.h; path = HelpViewController.h; sourceTree = "<group>"; };
		33351E5A207FE2F200261D60 /* HelpViewController.m */ = {isa = PBXFileReference; lastKnownFileType = sourcecode.c.objc; path = HelpViewController.m; sourceTree = "<group>"; };
		33351E5B207FE2F200261D60 /* HelpViewController.xib */ = {isa = PBXFileReference; lastKnownFileType = file.xib; path = HelpViewController.xib; sourceTree = "<group>"; };
		334418AC20810B910049EB13 /* TomatoClock.h */ = {isa = PBXFileReference; lastKnownFileType = sourcecode.c.h; path = TomatoClock.h; sourceTree = "<group>"; };
		334418AD20810B910049EB13 /* TomatoClock.m */ = {isa = PBXFileReference; lastKnownFileType = sourcecode.c.objc; path = TomatoClock.m; sourceTree = "<group>"; };
		334418AF208111A70049EB13 /* MyRecordViewController.h */ = {isa = PBXFileReference; lastKnownFileType = sourcecode.c.h; path = MyRecordViewController.h; sourceTree = "<group>"; };
		334418B0208111A70049EB13 /* MyRecordViewController.m */ = {isa = PBXFileReference; lastKnownFileType = sourcecode.c.objc; path = MyRecordViewController.m; sourceTree = "<group>"; };
		334418B1208111A70049EB13 /* MyRecordViewController.xib */ = {isa = PBXFileReference; lastKnownFileType = file.xib; path = MyRecordViewController.xib; sourceTree = "<group>"; };
		5A45DEBE511DEEFC805F0C25 /* Pods_Pomodoro.framework */ = {isa = PBXFileReference; explicitFileType = wrapper.framework; includeInIndex = 0; path = Pods_Pomodoro.framework; sourceTree = BUILT_PRODUCTS_DIR; };
		F3AFD53D5043DC4D3776C2A7 /* Pods-Pomodoro.release.xcconfig */ = {isa = PBXFileReference; includeInIndex = 1; lastKnownFileType = text.xcconfig; name = "Pods-Pomodoro.release.xcconfig"; path = "Pods/Target Support Files/Pods-Pomodoro/Pods-Pomodoro.release.xcconfig"; sourceTree = "<group>"; };
/* End PBXFileReference section */

/* Begin PBXFrameworksBuildPhase section */
		33351E0B20727C5700261D60 /* Frameworks */ = {
			isa = PBXFrameworksBuildPhase;
			buildActionMask = 2147483647;
			files = (
				10E0F58323741BD10C50538B /* Pods_Pomodoro.framework in Frameworks */,
			);
			runOnlyForDeploymentPostprocessing = 0;
		};
/* End PBXFrameworksBuildPhase section */

/* Begin PBXGroup section */
		33351E0520727C5700261D60 = {
			isa = PBXGroup;
			children = (
				33351E1020727C5700261D60 /* Pomodoro */,
				33351E0F20727C5700261D60 /* Products */,
				FC9D27E60172597A12D517E8 /* Pods */,
				82AF2FB7C2184014A72C08BC /* Frameworks */,
			);
			sourceTree = "<group>";
		};
		33351E0F20727C5700261D60 /* Products */ = {
			isa = PBXGroup;
			children = (
				33351E0E20727C5700261D60 /* Pomodoro.app */,
			);
			name = Products;
			sourceTree = "<group>";
		};
		33351E1020727C5700261D60 /* Pomodoro */ = {
			isa = PBXGroup;
			children = (
				33351E1120727C5700261D60 /* AppDelegate.h */,
				33351E1220727C5700261D60 /* AppDelegate.m */,
				33351E1420727C5700261D60 /* ViewController.h */,
				33351E1520727C5700261D60 /* ViewController.m */,
				33351E1720727C5700261D60 /* Main.storyboard */,
				33351E1A20727C5700261D60 /* Assets.xcassets */,
				33351E1C20727C5700261D60 /* LaunchScreen.storyboard */,
				33351E1F20727C5700261D60 /* Info.plist */,
				33351E2020727C5700261D60 /* main.m */,
				33351E2720792B0E00261D60 /* TimeStartViewController.h */,
				33351E2820792B0E00261D60 /* TimeStartViewController.m */,
				33351E2A20792F4500261D60 /* TimeStartViewController.xib */,
				33351E2C2079398600261D60 /* TimeViewController.h */,
				33351E2D2079398600261D60 /* TimeViewController.m */,
				33351E2E2079398600261D60 /* TimeViewController.xib */,
				33351E53207D4BA000261D60 /* constant.h */,
				33351E59207FE2F200261D60 /* HelpViewController.h */,
				33351E5A207FE2F200261D60 /* HelpViewController.m */,
				33351E5B207FE2F200261D60 /* HelpViewController.xib */,
				334418AC20810B910049EB13 /* TomatoClock.h */,
				334418AD20810B910049EB13 /* TomatoClock.m */,
				334418AF208111A70049EB13 /* MyRecordViewController.h */,
				334418B0208111A70049EB13 /* MyRecordViewController.m */,
				334418B1208111A70049EB13 /* MyRecordViewController.xib */,
			);
			path = Pomodoro;
			sourceTree = "<group>";
		};
		82AF2FB7C2184014A72C08BC /* Frameworks */ = {
			isa = PBXGroup;
			children = (
				5A45DEBE511DEEFC805F0C25 /* Pods_Pomodoro.framework */,
			);
			name = Frameworks;
			sourceTree = "<group>";
		};
		FC9D27E60172597A12D517E8 /* Pods */ = {
			isa = PBXGroup;
			children = (
				0F419F92E447D08F1D58D780 /* Pods-Pomodoro.debug.xcconfig */,
				F3AFD53D5043DC4D3776C2A7 /* Pods-Pomodoro.release.xcconfig */,
			);
			name = Pods;
			sourceTree = "<group>";
		};
/* End PBXGroup section */

/* Begin PBXNativeTarget section */
		33351E0D20727C5700261D60 /* Pomodoro */ = {
			isa = PBXNativeTarget;
			buildConfigurationList = 33351E2420727C5700261D60 /* Build configuration list for PBXNativeTarget "Pomodoro" */;
			buildPhases = (
				ABE478B31E81A4F2316C8E76 /* [CP] Check Pods Manifest.lock */,
				33351E0A20727C5700261D60 /* Sources */,
				33351E0B20727C5700261D60 /* Frameworks */,
				33351E0C20727C5700261D60 /* Resources */,
				7DEA27C60794ED745BC9361E /* [CP] Embed Pods Frameworks */,
				C861C3BB293F44ACAB7DCF9F /* [CP] Copy Pods Resources */,
			);
			buildRules = (
			);
			dependencies = (
			);
			name = Pomodoro;
			productName = Pomodoro;
			productReference = 33351E0E20727C5700261D60 /* Pomodoro.app */;
			productType = "com.apple.product-type.application";
		};
/* End PBXNativeTarget section */

/* Begin PBXProject section */
		33351E0620727C5700261D60 /* Project object */ = {
			isa = PBXProject;
			attributes = {
				LastUpgradeCheck = 0930;
				ORGANIZATIONNAME = Yzc;
				TargetAttributes = {
					33351E0D20727C5700261D60 = {
						CreatedOnToolsVersion = 9.2;
						ProvisioningStyle = Automatic;
					};
				};
			};
			buildConfigurationList = 33351E0920727C5700261D60 /* Build configuration list for PBXProject "Pomodoro" */;
			compatibilityVersion = "Xcode 8.0";
			developmentRegion = en;
			hasScannedForEncodings = 0;
			knownRegions = (
				en,
				Base,
			);
			mainGroup = 33351E0520727C5700261D60;
			productRefGroup = 33351E0F20727C5700261D60 /* Products */;
			projectDirPath = "";
			projectRoot = "";
			targets = (
				33351E0D20727C5700261D60 /* Pomodoro */,
			);
		};
/* End PBXProject section */

/* Begin PBXResourcesBuildPhase section */
		33351E0C20727C5700261D60 /* Resources */ = {
			isa = PBXResourcesBuildPhase;
			buildActionMask = 2147483647;
			files = (
				33351E2B20792F4500261D60 /* TimeStartViewController.xib in Resources */,
				33351E1E20727C5700261D60 /* LaunchScreen.storyboard in Resources */,
				33351E302079398600261D60 /* TimeViewController.xib in Resources */,
				33351E1B20727C5700261D60 /* Assets.xcassets in Resources */,
				33351E1920727C5700261D60 /* Main.storyboard in Resources */,
				334418B3208111A70049EB13 /* MyRecordViewController.xib in Resources */,
				33351E5D207FE2F200261D60 /* HelpViewController.xib in Resources */,
			);
			runOnlyForDeploymentPostprocessing = 0;
		};
/* End PBXResourcesBuildPhase section */

/* Begin PBXShellScriptBuildPhase section */
		7DEA27C60794ED745BC9361E /* [CP] Embed Pods Frameworks */ = {
			isa = PBXShellScriptBuildPhase;
			buildActionMask = 2147483647;
			files = (
			);
			inputPaths = (
				"${SRCROOT}/Pods/Target Support Files/Pods-Pomodoro/Pods-Pomodoro-frameworks.sh",
				"${BUILT_PRODUCTS_DIR}/HWDownSelectedView/HWDownSelectedView.framework",
				"${BUILT_PRODUCTS_DIR}/PureLayout/PureLayout.framework",
			);
			name = "[CP] Embed Pods Frameworks";
			outputPaths = (
				"${TARGET_BUILD_DIR}/${FRAMEWORKS_FOLDER_PATH}/HWDownSelectedView.framework",
				"${TARGET_BUILD_DIR}/${FRAMEWORKS_FOLDER_PATH}/PureLayout.framework",
			);
			runOnlyForDeploymentPostprocessing = 0;
			shellPath = /bin/sh;
			shellScript = "\"${SRCROOT}/Pods/Target Support Files/Pods-Pomodoro/Pods-Pomodoro-frameworks.sh\"\n";
			showEnvVarsInLog = 0;
		};
		ABE478B31E81A4F2316C8E76 /* [CP] Check Pods Manifest.lock */ = {
			isa = PBXShellScriptBuildPhase;
			buildActionMask = 2147483647;
			files = (
			);
			inputPaths = (
				"${PODS_PODFILE_DIR_PATH}/Podfile.lock",
				"${PODS_ROOT}/Manifest.lock",
			);
			name = "[CP] Check Pods Manifest.lock";
			outputPaths = (
				"$(DERIVED_FILE_DIR)/Pods-Pomodoro-checkManifestLockResult.txt",
			);
			runOnlyForDeploymentPostprocessing = 0;
			shellPath = /bin/sh;
			shellScript = "diff \"${PODS_PODFILE_DIR_PATH}/Podfile.lock\" \"${PODS_ROOT}/Manifest.lock\" > /dev/null\nif [ $? != 0 ] ; then\n    # print error to STDERR\n    echo \"error: The sandbox is not in sync with the Podfile.lock. Run 'pod install' or update your CocoaPods installation.\" >&2\n    exit 1\nfi\n# This output is used by Xcode 'outputs' to avoid re-running this script phase.\necho \"SUCCESS\" > \"${SCRIPT_OUTPUT_FILE_0}\"\n";
			showEnvVarsInLog = 0;
		};
		C861C3BB293F44ACAB7DCF9F /* [CP] Copy Pods Resources */ = {
			isa = PBXShellScriptBuildPhase;
			buildActionMask = 2147483647;
			files = (
			);
			inputPaths = (
			);
			name = "[CP] Copy Pods Resources";
			outputPaths = (
			);
			runOnlyForDeploymentPostprocessing = 0;
			shellPath = /bin/sh;
			shellScript = "\"${SRCROOT}/Pods/Target Support Files/Pods-Pomodoro/Pods-Pomodoro-resources.sh\"\n";
			showEnvVarsInLog = 0;
		};
/* End PBXShellScriptBuildPhase section */

/* Begin PBXSourcesBuildPhase section */
		33351E0A20727C5700261D60 /* Sources */ = {
			isa = PBXSourcesBuildPhase;
			buildActionMask = 2147483647;
			files = (
				33351E2920792B0E00261D60 /* TimeStartViewController.m in Sources */,
				33351E5C207FE2F200261D60 /* HelpViewController.m in Sources */,
				33351E1620727C5700261D60 /* ViewController.m in Sources */,
				33351E2120727C5700261D60 /* main.m in Sources */,
				334418AE20810B910049EB13 /* TomatoClock.m in Sources */,
				33351E1320727C5700261D60 /* AppDelegate.m in Sources */,
				33351E2F2079398600261D60 /* TimeViewController.m in Sources */,
				334418B2208111A70049EB13 /* MyRecordViewController.m in Sources */,
			);
			runOnlyForDeploymentPostprocessing = 0;
		};
/* End PBXSourcesBuildPhase section */

/* Begin PBXVariantGroup section */
		33351E1720727C5700261D60 /* Main.storyboard */ = {
			isa = PBXVariantGroup;
			children = (
				33351E1820727C5700261D60 /* Base */,
			);
			name = Main.storyboard;
			sourceTree = "<group>";
		};
		33351E1C20727C5700261D60 /* LaunchScreen.storyboard */ = {
			isa = PBXVariantGroup;
			children = (
				33351E1D20727C5700261D60 /* Base */,
			);
			name = LaunchScreen.storyboard;
			sourceTree = "<group>";
		};
/* End PBXVariantGroup section */

/* Begin XCBuildConfiguration section */
		33351E2220727C5700261D60 /* Debug */ = {
			isa = XCBuildConfiguration;
			buildSettings = {
				ALWAYS_SEARCH_USER_PATHS = NO;
				CLANG_ANALYZER_NONNULL = YES;
				CLANG_ANALYZER_NUMBER_OBJECT_CONVERSION = YES_AGGRESSIVE;
				CLANG_CXX_LANGUAGE_STANDARD = "gnu++14";
				CLANG_CXX_LIBRARY = "libc++";
				CLANG_ENABLE_MODULES = YES;
				CLANG_ENABLE_OBJC_ARC = YES;
				CLANG_WARN_BLOCK_CAPTURE_AUTORELEASING = YES;
				CLANG_WARN_BOOL_CONVERSION = YES;
				CLANG_WARN_COMMA = YES;
				CLANG_WARN_CONSTANT_CONVERSION = YES;
				CLANG_WARN_DEPRECATED_OBJC_IMPLEMENTATIONS = YES;
				CLANG_WARN_DIRECT_OBJC_ISA_USAGE = YES_ERROR;
				CLANG_WARN_DOCUMENTATION_COMMENTS = YES;
				CLANG_WARN_EMPTY_BODY = YES;
				CLANG_WARN_ENUM_CONVERSION = YES;
				CLANG_WARN_INFINITE_RECURSION = YES;
				CLANG_WARN_INT_CONVERSION = YES;
				CLANG_WARN_NON_LITERAL_NULL_CONVERSION = YES;
				CLANG_WARN_OBJC_IMPLICIT_RETAIN_SELF = YES;
				CLANG_WARN_OBJC_LITERAL_CONVERSION = YES;
				CLANG_WARN_OBJC_ROOT_CLASS = YES_ERROR;
				CLANG_WARN_RANGE_LOOP_ANALYSIS = YES;
				CLANG_WARN_STRICT_PROTOTYPES = YES;
				CLANG_WARN_SUSPICIOUS_MOVE = YES;
				CLANG_WARN_UNGUARDED_AVAILABILITY = YES_AGGRESSIVE;
				CLANG_WARN_UNREACHABLE_CODE = YES;
				CLANG_WARN__DUPLICATE_METHOD_MATCH = YES;
				CODE_SIGN_IDENTITY = "iPhone Developer";
				COPY_PHASE_STRIP = NO;
				DEBUG_INFORMATION_FORMAT = dwarf;
				ENABLE_STRICT_OBJC_MSGSEND = YES;
				ENABLE_TESTABILITY = YES;
				GCC_C_LANGUAGE_STANDARD = gnu11;
				GCC_DYNAMIC_NO_PIC = NO;
				GCC_NO_COMMON_BLOCKS = YES;
				GCC_OPTIMIZATION_LEVEL = 0;
				GCC_PREPROCESSOR_DEFINITIONS = (
					"DEBUG=1",
					"$(inherited)",
				);
				GCC_WARN_64_TO_32_BIT_CONVERSION = YES;
				GCC_WARN_ABOUT_RETURN_TYPE = YES_ERROR;
				GCC_WARN_UNDECLARED_SELECTOR = YES;
				GCC_WARN_UNINITIALIZED_AUTOS = YES_AGGRESSIVE;
				GCC_WARN_UNUSED_FUNCTION = YES;
				GCC_WARN_UNUSED_VARIABLE = YES;
				IPHONEOS_DEPLOYMENT_TARGET = 11.2;
				MTL_ENABLE_DEBUG_INFO = YES;
				ONLY_ACTIVE_ARCH = YES;
				SDKROOT = iphoneos;
			};
			name = Debug;
		};
		33351E2320727C5700261D60 /* Release */ = {
			isa = XCBuildConfiguration;
			buildSettings = {
				ALWAYS_SEARCH_USER_PATHS = NO;
				CLANG_ANALYZER_NONNULL = YES;
				CLANG_ANALYZER_NUMBER_OBJECT_CONVERSION = YES_AGGRESSIVE;
				CLANG_CXX_LANGUAGE_STANDARD = "gnu++14";
				CLANG_CXX_LIBRARY = "libc++";
				CLANG_ENABLE_MODULES = YES;
				CLANG_ENABLE_OBJC_ARC = YES;
				CLANG_WARN_BLOCK_CAPTURE_AUTORELEASING = YES;
				CLANG_WARN_BOOL_CONVERSION = YES;
				CLANG_WARN_COMMA = YES;
				CLANG_WARN_CONSTANT_CONVERSION = YES;
				CLANG_WARN_DEPRECATED_OBJC_IMPLEMENTATIONS = YES;
				CLANG_WARN_DIRECT_OBJC_ISA_USAGE = YES_ERROR;
				CLANG_WARN_DOCUMENTATION_COMMENTS = YES;
				CLANG_WARN_EMPTY_BODY = YES;
				CLANG_WARN_ENUM_CONVERSION = YES;
				CLANG_WARN_INFINITE_RECURSION = YES;
				CLANG_WARN_INT_CONVERSION = YES;
				CLANG_WARN_NON_LITERAL_NULL_CONVERSION = YES;
				CLANG_WARN_OBJC_IMPLICIT_RETAIN_SELF = YES;
				CLANG_WARN_OBJC_LITERAL_CONVERSION = YES;
				CLANG_WARN_OBJC_ROOT_CLASS = YES_ERROR;
				CLANG_WARN_RANGE_LOOP_ANALYSIS = YES;
				CLANG_WARN_STRICT_PROTOTYPES = YES;
				CLANG_WARN_SUSPICIOUS_MOVE = YES;
				CLANG_WARN_UNGUARDED_AVAILABILITY = YES_AGGRESSIVE;
				CLANG_WARN_UNREACHABLE_CODE = YES;
				CLANG_WARN__DUPLICATE_METHOD_MATCH = YES;
				CODE_SIGN_IDENTITY = "iPhone Developer";
				COPY_PHASE_STRIP = NO;
				DEBUG_INFORMATION_FORMAT = "dwarf-with-dsym";
				ENABLE_NS_ASSERTIONS = NO;
				ENABLE_STRICT_OBJC_MSGSEND = YES;
				GCC_C_LANGUAGE_STANDARD = gnu11;
				GCC_NO_COMMON_BLOCKS = YES;
				GCC_WARN_64_TO_32_BIT_CONVERSION = YES;
				GCC_WARN_ABOUT_RETURN_TYPE = YES_ERROR;
				GCC_WARN_UNDECLARED_SELECTOR = YES;
				GCC_WARN_UNINITIALIZED_AUTOS = YES_AGGRESSIVE;
				GCC_WARN_UNUSED_FUNCTION = YES;
				GCC_WARN_UNUSED_VARIABLE = YES;
				IPHONEOS_DEPLOYMENT_TARGET = 11.2;
				MTL_ENABLE_DEBUG_INFO = NO;
				SDKROOT = iphoneos;
				VALIDATE_PRODUCT = YES;
			};
			name = Release;
		};
		33351E2520727C5700261D60 /* Debug */ = {
			isa = XCBuildConfiguration;
			baseConfigurationReference = 0F419F92E447D08F1D58D780 /* Pods-Pomodoro.debug.xcconfig */;
			buildSettings = {
				ASSETCATALOG_COMPILER_APPICON_NAME = AppIcon;
				CODE_SIGN_STYLE = Automatic;
				DEVELOPMENT_TEAM = H9VHAX9XYZ;
				INFOPLIST_FILE = Pomodoro/Info.plist;
				LD_RUNPATH_SEARCH_PATHS = "$(inherited) @executable_path/Frameworks";
				PRODUCT_BUNDLE_IDENTIFIER = tjpj.Pomodoro;
				PRODUCT_NAME = "$(TARGET_NAME)";
				TARGETED_DEVICE_FAMILY = "1,2";
			};
			name = Debug;
		};
		33351E2620727C5700261D60 /* Release */ = {
			isa = XCBuildConfiguration;
			baseConfigurationReference = F3AFD53D5043DC4D3776C2A7 /* Pods-Pomodoro.release.xcconfig */;
			buildSettings = {
				ASSETCATALOG_COMPILER_APPICON_NAME = AppIcon;
				CODE_SIGN_STYLE = Automatic;
				DEVELOPMENT_TEAM = H9VHAX9XYZ;
				INFOPLIST_FILE = Pomodoro/Info.plist;
				LD_RUNPATH_SEARCH_PATHS = "$(inherited) @executable_path/Frameworks";
				PRODUCT_BUNDLE_IDENTIFIER = tjpj.Pomodoro;
				PRODUCT_NAME = "$(TARGET_NAME)";
				TARGETED_DEVICE_FAMILY = "1,2";
			};
			name = Release;
		};
/* End XCBuildConfiguration section */

/* Begin XCConfigurationList section */
		33351E0920727C5700261D60 /* Build configuration list for PBXProject "Pomodoro" */ = {
			isa = XCConfigurationList;
			buildConfigurations = (
				33351E2220727C5700261D60 /* Debug */,
				33351E2320727C5700261D60 /* Release */,
			);
			defaultConfigurationIsVisible = 0;
			defaultConfigurationName = Release;
		};
		33351E2420727C5700261D60 /* Build configuration list for PBXNativeTarget "Pomodoro" */ = {
			isa = XCConfigurationList;
			buildConfigurations = (
				33351E2520727C5700261D60 /* Debug */,
				33351E2620727C5700261D60 /* Release */,
			);
			defaultConfigurationIsVisible = 0;
			defaultConfigurationName = Release;
		};
/* End XCConfigurationList section */
	};
	rootObject = 33351E0620727C5700261D60 /* Project object */;
}
